
Microsoft Visual Studio Solution File, Format Version 12.00
# Visual Studio Version 17
VisualStudioVersion = 17.0.31903.59
MinimumVisualStudioVersion = 10.0.40219.1
Project("{2150E333-8FDC-42A3-9474-1A3956D46DE8}") = "src", "src", "{D5502DB1-48D7-4045-88D9-9AB935823761}"
EndProject
Project("{FAE04EC0-301F-11D3-BF4B-00C04F79EFBC}") = "Deck.Api", "src\Deck.Api\Deck.Api.csproj", "{217B232D-E829-4296-84B8-7C702822195F}"
EndProject
Project("{2150E333-8FDC-42A3-9474-1A3956D46DE8}") = "tests", "tests", "{727BA93C-656C-4FD8-857D-9D74C1D88427}"
EndProject
Project("{FAE04EC0-301F-11D3-BF4B-00C04F79EFBC}") = "Deck.Tests", "tests\Deck.Tests\Deck.Tests.csproj", "{84A9329F-FE71-4ABF-A6C5-82E4467600B1}"
EndProject
Global
	GlobalSection(SolutionConfigurationPlatforms) = preSolution
		Debug|Any CPU = Debug|Any CPU
		Release|Any CPU = Release|Any CPU
	EndGlobalSection
	GlobalSection(SolutionProperties) = preSolution
		HideSolutionNode = FALSE
	EndGlobalSection
	GlobalSection(ProjectConfigurationPlatforms) = postSolution
		{217B232D-E829-4296-84B8-7C702822195F}.Debug|Any CPU.ActiveCfg = Debug|Any CPU
		{217B232D-E829-4296-84B8-7C702822195F}.Debug|Any CPU.Build.0 = Debug|Any CPU
		{217B232D-E829-4296-84B8-7C702822195F}.Release|Any CPU.ActiveCfg = Release|Any CPU
		{217B232D-E829-4296-84B8-7C702822195F}.Release|Any CPU.Build.0 = Release|Any CPU
		{84A9329F-FE71-4ABF-A6C5-82E4467600B1}.Debug|Any CPU.ActiveCfg = Debug|Any CPU
		{84A9329F-FE71-4ABF-A6C5-82E4467600B1}.Debug|Any CPU.Build.0 = Debug|Any CPU
		{84A9329F-FE71-4ABF-A6C5-82E4467600B1}.Release|Any CPU.ActiveCfg = Release|Any CPU
		{84A9329F-FE71-4ABF-A6C5-82E4467600B1}.Release|Any CPU.Build.0 = Release|Any CPU
	EndGlobalSection
	GlobalSection(NestedProjects) = preSolution
		{217B232D-E829-4296-84B8-7C702822195F} = {D5502DB1-48D7-4045-88D9-9AB935823761}
		{84A9329F-FE71-4ABF-A6C5-82E4467600B1} = {727BA93C-656C-4FD8-857D-9D74C1D88427}
	EndGlobalSection
EndGlobal
